
Microsoft Visual Studio Solution File, Format Version 12.00
Project("{FAE04EC0-301F-11D3-BF4B-00C04F79EFBC}") = "Essenthos.Core.Tests", "Essenthos.Core.Tests\Essenthos.Core.Tests.csproj", "{A6B7B962-7C6D-4E25-9C02-7FD3D75CD62C}"
EndProject
Project("{FAE04EC0-301F-11D3-BF4B-00C04F79EFBC}") = "Essenthos.Corpus", "Essenthos.Corpus\Essenthos.Corpus.csproj", "{7B663AF1-A4A1-4816-9DDA-8A8DDCB85DDE}"
EndProject
Project("{FAE04EC0-301F-11D3-BF4B-00C04F79EFBC}") = "Essenthos.Accounts", "Essenthos.Accounts\Essenthos.Accounts.csproj", "{07FE8DB8-3158-4218-B96D-B69236264BD3}"
EndProject
Project("{FAE04EC0-301F-11D3-BF4B-00C04F79EFBC}") = "Essenthos.Api", "Essenthos.Api\Essenthos.Api.csproj", "{22A3A76D-2960-4951-A90C-8113DD88C69A}"
EndProject
Project("{FAE04EC0-301F-11D3-BF4B-00C04F79EFBC}") = "Essenthos.Forge", "Essenthos.Forge\Essenthos.Forge.csproj", "{E2A7EA02-5226-4A24-B8B0-ED49E9AB84CD}"
EndProject
Project("{FAE04EC0-301F-11D3-BF4B-00C04F79EFBC}") = "Essenthos.Desk", "Essenthos.Desk\Essenthos.Desk.csproj", "{34660BC0-E02F-45B7-842E-E008F0A6E786}"
EndProject
Global
	GlobalSection(SolutionConfigurationPlatforms) = preSolution
		Debug|Any CPU = Debug|Any CPU
		Debug|x64 = Debug|x64
		Debug|x86 = Debug|x86
		Release|Any CPU = Release|Any CPU
		Release|x64 = Release|x64
		Release|x86 = Release|x86
	EndGlobalSection
	GlobalSection(ProjectConfigurationPlatforms) = postSolution
		{A6B7B962-7C6D-4E25-9C02-7FD3D75CD62C}.Debug|Any CPU.ActiveCfg = Debug|Any CPU
		{A6B7B962-7C6D-4E25-9C02-7FD3D75CD62C}.Debug|Any CPU.Build.0 = Debug|Any CPU
		{A6B7B962-7C6D-4E25-9C02-7FD3D75CD62C}.Debug|x64.ActiveCfg = Debug|Any CPU
		{A6B7B962-7C6D-4E25-9C02-7FD3D75CD62C}.Debug|x64.Build.0 = Debug|Any CPU
		{A6B7B962-7C6D-4E25-9C02-7FD3D75CD62C}.Debug|x86.ActiveCfg = Debug|Any CPU
		{A6B7B962-7C6D-4E25-9C02-7FD3D75CD62C}.Debug|x86.Build.0 = Debug|Any CPU
		{A6B7B962-7C6D-4E25-9C02-7FD3D75CD62C}.Release|Any CPU.ActiveCfg = Release|Any CPU
		{A6B7B962-7C6D-4E25-9C02-7FD3D75CD62C}.Release|Any CPU.Build.0 = Release|Any CPU
		{A6B7B962-7C6D-4E25-9C02-7FD3D75CD62C}.Release|x64.ActiveCfg = Release|Any CPU
		{A6B7B962-7C6D-4E25-9C02-7FD3D75CD62C}.Release|x64.Build.0 = Release|Any CPU
		{A6B7B962-7C6D-4E25-9C02-7FD3D75CD62C}.Release|x86.ActiveCfg = Release|Any CPU
		{A6B7B962-7C6D-4E25-9C02-7FD3D75CD62C}.Release|x86.Build.0 = Release|Any CPU
		{7B663AF1-A4A1-4816-9DDA-8A8DDCB85DDE}.Debug|Any CPU.ActiveCfg = Debug|Any CPU
		{7B663AF1-A4A1-4816-9DDA-8A8DDCB85DDE}.Debug|Any CPU.Build.0 = Debug|Any CPU
		{7B663AF1-A4A1-4816-9DDA-8A8DDCB85DDE}.Debug|x64.ActiveCfg = Debug|Any CPU
		{7B663AF1-A4A1-4816-9DDA-8A8DDCB85DDE}.Debug|x64.Build.0 = Debug|Any CPU
		{7B663AF1-A4A1-4816-9DDA-8A8DDCB85DDE}.Debug|x86.ActiveCfg = Debug|Any CPU
		{7B663AF1-A4A1-4816-9DDA-8A8DDCB85DDE}.Debug|x86.Build.0 = Debug|Any CPU
		{7B663AF1-A4A1-4816-9DDA-8A8DDCB85DDE}.Release|Any CPU.ActiveCfg = Release|Any CPU
		{7B663AF1-A4A1-4816-9DDA-8A8DDCB85DDE}.Release|Any CPU.Build.0 = Release|Any CPU
		{7B663AF1-A4A1-4816-9DDA-8A8DDCB85DDE}.Release|x64.ActiveCfg = Release|Any CPU
		{7B663AF1-A4A1-4816-9DDA-8A8DDCB85DDE}.Release|x64.Build.0 = Release|Any CPU
		{7B663AF1-A4A1-4816-9DDA-8A8DDCB85DDE}.Release|x86.ActiveCfg = Release|Any CPU
		{7B663AF1-A4A1-4816-9DDA-8A8DDCB85DDE}.Release|x86.Build.0 = Release|Any CPU
		{07FE8DB8-3158-4218-B96D-B69236264BD3}.Debug|Any CPU.ActiveCfg = Debug|Any CPU
		{07FE8DB8-3158-4218-B96D-B69236264BD3}.Debug|Any CPU.Build.0 = Debug|Any CPU
		{07FE8DB8-3158-4218-B96D-B69236264BD3}.Debug|x64.ActiveCfg = Debug|Any CPU
		{07FE8DB8-3158-4218-B96D-B69236264BD3}.Debug|x64.Build.0 = Debug|Any CPU
		{07FE8DB8-3158-4218-B96D-B69236264BD3}.Debug|x86.ActiveCfg = Debug|Any CPU
		{07FE8DB8-3158-4218-B96D-B69236264BD3}.Debug|x86.Build.0 = Debug|Any CPU
		{07FE8DB8-3158-4218-B96D-B69236264BD3}.Release|Any CPU.ActiveCfg = Release|Any CPU
		{07FE8DB8-3158-4218-B96D-B69236264BD3}.Release|Any CPU.Build.0 = Release|Any CPU
		{07FE8DB8-3158-4218-B96D-B69236264BD3}.Release|x64.ActiveCfg = Release|Any CPU
		{07FE8DB8-3158-4218-B96D-B69236264BD3}.Release|x64.Build.0 = Release|Any CPU
		{07FE8DB8-3158-4218-B96D-B69236264BD3}.Release|x86.ActiveCfg = Release|Any CPU
		{07FE8DB8-3158-4218-B96D-B69236264BD3}.Release|x86.Build.0 = Release|Any CPU
		{22A3A76D-2960-4951-A90C-8113DD88C69A}.Debug|Any CPU.ActiveCfg = Debug|Any CPU
		{22A3A76D-2960-4951-A90C-8113DD88C69A}.Debug|Any CPU.Build.0 = Debug|Any CPU
		{22A3A76D-2960-4951-A90C-8113DD88C69A}.Debug|x64.ActiveCfg = Debug|Any CPU
		{22A3A76D-2960-4951-A90C-8113DD88C69A}.Debug|x64.Build.0 = Debug|Any CPU
		{22A3A76D-2960-4951-A90C-8113DD88C69A}.Debug|x86.ActiveCfg = Debug|Any CPU
		{22A3A76D-2960-4951-A90C-8113DD88C69A}.Debug|x86.Build.0 = Debug|Any CPU
		{22A3A76D-2960-4951-A90C-8113DD88C69A}.Release|Any CPU.ActiveCfg = Release|Any CPU
		{22A3A76D-2960-4951-A90C-8113DD88C69A}.Release|Any CPU.Build.0 = Release|Any CPU
		{22A3A76D-2960-4951-A90C-8113DD88C69A}.Release|x64.ActiveCfg = Release|Any CPU
		{22A3A76D-2960-4951-A90C-8113DD88C69A}.Release|x64.Build.0 = Release|Any CPU
		{22A3A76D-2960-4951-A90C-8113DD88C69A}.Release|x86.ActiveCfg = Release|Any CPU
		{22A3A76D-2960-4951-A90C-8113DD88C69A}.Release|x86.Build.0 = Release|Any CPU
		{E2A7EA02-5226-4A24-B8B0-ED49E9AB84CD}.Debug|Any CPU.ActiveCfg = Debug|Any CPU
		{E2A7EA02-5226-4A24-B8B0-ED49E9AB84CD}.Debug|Any CPU.Build.0 = Debug|Any CPU
		{E2A7EA02-5226-4A24-B8B0-ED49E9AB84CD}.Debug|x64.ActiveCfg = Debug|Any CPU
		{E2A7EA02-5226-4A24-B8B0-ED49E9AB84CD}.Debug|x64.Build.0 = Debug|Any CPU
		{E2A7EA02-5226-4A24-B8B0-ED49E9AB84CD}.Debug|x86.ActiveCfg = Debug|Any CPU
		{E2A7EA02-5226-4A24-B8B0-ED49E9AB84CD}.Debug|x86.Build.0 = Debug|Any CPU
		{E2A7EA02-5226-4A24-B8B0-ED49E9AB84CD}.Release|Any CPU.ActiveCfg = Release|Any CPU
		{E2A7EA02-5226-4A24-B8B0-ED49E9AB84CD}.Release|Any CPU.Build.0 = Release|Any CPU
		{E2A7EA02-5226-4A24-B8B0-ED49E9AB84CD}.Release|x64.ActiveCfg = Release|Any CPU
		{E2A7EA02-5226-4A24-B8B0-ED49E9AB84CD}.Release|x64.Build.0 = Release|Any CPU
		{E2A7EA02-5226-4A24-B8B0-ED49E9AB84CD}.Release|x86.ActiveCfg = Release|Any CPU
		{E2A7EA02-5226-4A24-B8B0-ED49E9AB84CD}.Release|x86.Build.0 = Release|Any CPU
		{34660BC0-E02F-45B7-842E-E008F0A6E786}.Debug|Any CPU.ActiveCfg = Debug|Any CPU
		{34660BC0-E02F-45B7-842E-E008F0A6E786}.Debug|Any CPU.Build.0 = Debug|Any CPU
		{34660BC0-E02F-45B7-842E-E008F0A6E786}.Debug|x64.ActiveCfg = Debug|Any CPU
		{34660BC0-E02F-45B7-842E-E008F0A6E786}.Debug|x64.Build.0 = Debug|Any CPU
		{34660BC0-E02F-45B7-842E-E008F0A6E786}.Debug|x86.ActiveCfg = Debug|Any CPU
		{34660BC0-E02F-45B7-842E-E008F0A6E786}.Debug|x86.Build.0 = Debug|Any CPU
		{34660BC0-E02F-45B7-842E-E008F0A6E786}.Release|Any CPU.ActiveCfg = Release|Any CPU
		{34660BC0-E02F-45B7-842E-E008F0A6E786}.Release|Any CPU.Build.0 = Release|Any CPU
		{34660BC0-E02F-45B7-842E-E008F0A6E786}.Release|x64.ActiveCfg = Release|Any CPU
		{34660BC0-E02F-45B7-842E-E008F0A6E786}.Release|x64.Build.0 = Release|Any CPU
		{34660BC0-E02F-45B7-842E-E008F0A6E786}.Release|x86.ActiveCfg = Release|Any CPU
		{34660BC0-E02F-45B7-842E-E008F0A6E786}.Release|x86.Build.0 = Release|Any CPU
	EndGlobalSection
	GlobalSection(SolutionProperties) = preSolution
		HideSolutionNode = FALSE
	EndGlobalSection
EndGlobal
